Microsoft Visual Studio Solution File, Format Version 12.00
# Visual Studio Version 17
VisualStudioVersion = 17.5.2.0
MinimumVisualStudioVersion = 10.0.40219.1
Project("{FAE04EC0-301F-11D3-BF4B-00C04F79EFBC}") = "MomentApi", "src\MomentApi\MomentApi.csproj", "{B97045B8-EEEF-D882-10CC-C88BA1053162}"
EndProject
Project("{FAE04EC0-301F-11D3-BF4B-00C04F79EFBC}") = "Entities", "src\Entities\Entities.csproj", "{6ED59893-4E68-4E74-B563-53B0F33D3CCC}"
EndProject
Project("{FAE04EC0-301F-11D3-BF4B-00C04F79EFBC}") = "Infrastructure.Database", "src\Infrastructure.Database\Infrastructure.Database.csproj", "{E489442E-5410-409F-A191-10A9A5865425}"
EndProject
Project("{FAE04EC0-301F-11D3-BF4B-00C04F79EFBC}") = "Infrastructure.Database.Tests", "src\tests\Infrastructure.Database.Tests\Infrastructure.Database.Tests.csproj", "{0058D8EF-779F-4502-9FD3-C492737B1A56}"
EndProject
Project("{FAE04EC0-301F-11D3-BF4B-00C04F79EFBC}") = "Functions.Tests.Integration", "src\tests\Functions.Tests.Integration\Functions.Tests.Integration.csproj", "{F2EEB375-9CB6-4A78-BFD9-7F2F7E8B64CD}"
EndProject
Project("{FAE04EC0-301F-11D3-BF4B-00C04F79EFBC}") = "Infrastructure.Authentication", "src\Infrastructure.Authentication\Infrastructure.Authentication.csproj", "{7471A7F4-6ABD-4B87-90CE-591A98AA6EF3}"
EndProject
Project("{FAE04EC0-301F-11D3-BF4B-00C04F79EFBC}") = "Functions.Tests.Unit", "src\tests\Functions.Tests.Unit\Functions.Tests.Unit.csproj", "{78413312-2027-4FCD-BDD8-568FA75B0C16}"
EndProject
Project("{FAE04EC0-301F-11D3-BF4B-00C04F79EFBC}") = "Functions", "src\Functions\Functions.csproj", "{D4A4CF62-A963-40AC-BF0D-136BE5B0CFEA}"
EndProject
Project("{FAE04EC0-301F-11D3-BF4B-00C04F79EFBC}") = "Persistence", "src\Persistence\Persistence.csproj", "{C9721EF1-1AE8-4738-A646-A9DE0B71D6E1}"
EndProject
Project("{FAE04EC0-301F-11D3-BF4B-00C04F79EFBC}") = "Persistence.Tests.Integration", "src\tests\Persistence.Tests.Integration\Persistence.Tests.Integration.csproj", "{2DE0F806-7E1C-4748-9A77-1E3A719DD30B}"
EndProject
Global
	GlobalSection(SolutionConfigurationPlatforms) = preSolution
		Debug|Any CPU = Debug|Any CPU
		Release|Any CPU = Release|Any CPU
	EndGlobalSection
	GlobalSection(ProjectConfigurationPlatforms) = postSolution
		{B97045B8-EEEF-D882-10CC-C88BA1053162}.Debug|Any CPU.ActiveCfg = Debug|Any CPU
		{B97045B8-EEEF-D882-10CC-C88BA1053162}.Debug|Any CPU.Build.0 = Debug|Any CPU
		{B97045B8-EEEF-D882-10CC-C88BA1053162}.Release|Any CPU.ActiveCfg = Release|Any CPU
		{B97045B8-EEEF-D882-10CC-C88BA1053162}.Release|Any CPU.Build.0 = Release|Any CPU
		{6ED59893-4E68-4E74-B563-53B0F33D3CCC}.Debug|Any CPU.ActiveCfg = Debug|Any CPU
		{6ED59893-4E68-4E74-B563-53B0F33D3CCC}.Debug|Any CPU.Build.0 = Debug|Any CPU
		{6ED59893-4E68-4E74-B563-53B0F33D3CCC}.Release|Any CPU.ActiveCfg = Release|Any CPU
		{6ED59893-4E68-4E74-B563-53B0F33D3CCC}.Release|Any CPU.Build.0 = Release|Any CPU
		{E489442E-5410-409F-A191-10A9A5865425}.Debug|Any CPU.ActiveCfg = Debug|Any CPU
		{E489442E-5410-409F-A191-10A9A5865425}.Debug|Any CPU.Build.0 = Debug|Any CPU
		{E489442E-5410-409F-A191-10A9A5865425}.Release|Any CPU.ActiveCfg = Release|Any CPU
		{E489442E-5410-409F-A191-10A9A5865425}.Release|Any CPU.Build.0 = Release|Any CPU
		{0058D8EF-779F-4502-9FD3-C492737B1A56}.Debug|Any CPU.ActiveCfg = Debug|Any CPU
		{0058D8EF-779F-4502-9FD3-C492737B1A56}.Debug|Any CPU.Build.0 = Debug|Any CPU
		{0058D8EF-779F-4502-9FD3-C492737B1A56}.Release|Any CPU.ActiveCfg = Release|Any CPU
		{0058D8EF-779F-4502-9FD3-C492737B1A56}.Release|Any CPU.Build.0 = Release|Any CPU
		{F2EEB375-9CB6-4A78-BFD9-7F2F7E8B64CD}.Debug|Any CPU.ActiveCfg = Debug|Any CPU
		{F2EEB375-9CB6-4A78-BFD9-7F2F7E8B64CD}.Debug|Any CPU.Build.0 = Debug|Any CPU
		{F2EEB375-9CB6-4A78-BFD9-7F2F7E8B64CD}.Release|Any CPU.ActiveCfg = Release|Any CPU
		{F2EEB375-9CB6-4A78-BFD9-7F2F7E8B64CD}.Release|Any CPU.Build.0 = Release|Any CPU
		{7471A7F4-6ABD-4B87-90CE-591A98AA6EF3}.Debug|Any CPU.ActiveCfg = Debug|Any CPU
		{7471A7F4-6ABD-4B87-90CE-591A98AA6EF3}.Debug|Any CPU.Build.0 = Debug|Any CPU
		{7471A7F4-6ABD-4B87-90CE-591A98AA6EF3}.Release|Any CPU.ActiveCfg = Release|Any CPU
		{7471A7F4-6ABD-4B87-90CE-591A98AA6EF3}.Release|Any CPU.Build.0 = Release|Any CPU
		{78413312-2027-4FCD-BDD8-568FA75B0C16}.Debug|Any CPU.ActiveCfg = Debug|Any CPU
		{78413312-2027-4FCD-BDD8-568FA75B0C16}.Debug|Any CPU.Build.0 = Debug|Any CPU
		{78413312-2027-4FCD-BDD8-568FA75B0C16}.Release|Any CPU.ActiveCfg = Release|Any CPU
		{78413312-2027-4FCD-BDD8-568FA75B0C16}.Release|Any CPU.Build.0 = Release|Any CPU
		{D4A4CF62-A963-40AC-BF0D-136BE5B0CFEA}.Debug|Any CPU.ActiveCfg = Debug|Any CPU
		{D4A4CF62-A963-40AC-BF0D-136BE5B0CFEA}.Debug|Any CPU.Build.0 = Debug|Any CPU
		{D4A4CF62-A963-40AC-BF0D-136BE5B0CFEA}.Release|Any CPU.ActiveCfg = Release|Any CPU
		{D4A4CF62-A963-40AC-BF0D-136BE5B0CFEA}.Release|Any CPU.Build.0 = Release|Any CPU
		{C9721EF1-1AE8-4738-A646-A9DE0B71D6E1}.Debug|Any CPU.ActiveCfg = Debug|Any CPU
		{C9721EF1-1AE8-4738-A646-A9DE0B71D6E1}.Debug|Any CPU.Build.0 = Debug|Any CPU
		{C9721EF1-1AE8-4738-A646-A9DE0B71D6E1}.Release|Any CPU.ActiveCfg = Release|Any CPU
		{C9721EF1-1AE8-4738-A646-A9DE0B71D6E1}.Release|Any CPU.Build.0 = Release|Any CPU
		{2DE0F806-7E1C-4748-9A77-1E3A719DD30B}.Debug|Any CPU.ActiveCfg = Debug|Any CPU
		{2DE0F806-7E1C-4748-9A77-1E3A719DD30B}.Debug|Any CPU.Build.0 = Debug|Any CPU
		{2DE0F806-7E1C-4748-9A77-1E3A719DD30B}.Release|Any CPU.ActiveCfg = Release|Any CPU
		{2DE0F806-7E1C-4748-9A77-1E3A719DD30B}.Release|Any CPU.Build.0 = Release|Any CPU
	EndGlobalSection
	GlobalSection(SolutionProperties) = preSolution
		HideSolutionNode = FALSE
	EndGlobalSection
	GlobalSection(ExtensibilityGlobals) = postSolution
		SolutionGuid = {8696AC4C-1C37-4F3A-9E30-782284BB0A76}
	EndGlobalSection
EndGlobal
