Microsoft Visual Studio Solution File, Format Version 12.00
# Visual Studio Version 17
VisualStudioVersion = 17.5.2.0
MinimumVisualStudioVersion = 10.0.40219.1
Project("{FAE04EC0-301F-11D3-BF4B-00C04F79EFBC}") = "MomentApi", "src\MomentApi\MomentApi.csproj", "{B97045B8-EEEF-D882-10CC-C88BA1053162}"
EndProject
Project("{FAE04EC0-301F-11D3-BF4B-00C04F79EFBC}") = "IntegrationTests", "src\tests\IntegrationTests\IntegrationTests.csproj", "{2D7F4A77-9C8C-4A7A-B6D8-3F3B2B6A9C9E}"
EndProject
Project("{FAE04EC0-301F-11D3-BF4B-00C04F79EFBC}") = "Entities", "src\Entities\Entities.csproj", "{6ED59893-4E68-4E74-B563-53B0F33D3CCC}"
EndProject
Global
	GlobalSection(SolutionConfigurationPlatforms) = preSolution
		Debug|Any CPU = Debug|Any CPU
		Release|Any CPU = Release|Any CPU
	EndGlobalSection
	GlobalSection(ProjectConfigurationPlatforms) = postSolution
		{B97045B8-EEEF-D882-10CC-C88BA1053162}.Debug|Any CPU.ActiveCfg = Debug|Any CPU
		{B97045B8-EEEF-D882-10CC-C88BA1053162}.Debug|Any CPU.Build.0 = Debug|Any CPU
		{B97045B8-EEEF-D882-10CC-C88BA1053162}.Release|Any CPU.ActiveCfg = Release|Any CPU
		{B97045B8-EEEF-D882-10CC-C88BA1053162}.Release|Any CPU.Build.0 = Release|Any CPU
		{2D7F4A77-9C8C-4A7A-B6D8-3F3B2B6A9C9E}.Debug|Any CPU.ActiveCfg = Debug|Any CPU
		{2D7F4A77-9C8C-4A7A-B6D8-3F3B2B6A9C9E}.Debug|Any CPU.Build.0 = Debug|Any CPU
		{2D7F4A77-9C8C-4A7A-B6D8-3F3B2B6A9C9E}.Release|Any CPU.ActiveCfg = Release|Any CPU
		{2D7F4A77-9C8C-4A7A-B6D8-3F3B2B6A9C9E}.Release|Any CPU.Build.0 = Release|Any CPU
		{6ED59893-4E68-4E74-B563-53B0F33D3CCC}.Debug|Any CPU.ActiveCfg = Debug|Any CPU
		{6ED59893-4E68-4E74-B563-53B0F33D3CCC}.Debug|Any CPU.Build.0 = Debug|Any CPU
		{6ED59893-4E68-4E74-B563-53B0F33D3CCC}.Release|Any CPU.ActiveCfg = Release|Any CPU
		{6ED59893-4E68-4E74-B563-53B0F33D3CCC}.Release|Any CPU.Build.0 = Release|Any CPU
	EndGlobalSection
	GlobalSection(SolutionProperties) = preSolution
		HideSolutionNode = FALSE
	EndGlobalSection
	GlobalSection(ExtensibilityGlobals) = postSolution
		SolutionGuid = {8696AC4C-1C37-4F3A-9E30-782284BB0A76}
	EndGlobalSection
EndGlobal
